
Microsoft Visual Studio Solution File, Format Version 12.00
# Visual Studio Version 16
VisualStudioVersion = 16.0.31624.102
MinimumVisualStudioVersion = 10.0.40219.1
Project("{FAE04EC0-301F-11D3-BF4B-00C04F79EFBC}") = "PR33_OREL_PRAKT15_ZAD5", "PR33_OREL_PRAKT15_ZAD5\PR33_OREL_PRAKT15_ZAD5.csproj", "{3984E7FD-9185-40AA-B530-9D409CD58729}"
EndProject
Global
	GlobalSection(SolutionConfigurationPlatforms) = preSolution
		Debug|Any CPU = Debug|Any CPU
		Release|Any CPU = Release|Any CPU
	EndGlobalSection
	GlobalSection(ProjectConfigurationPlatforms) = postSolution
		{3984E7FD-9185-40AA-B530-9D409CD58729}.Debug|Any CPU.ActiveCfg = Debug|Any CPU
		{3984E7FD-9185-40AA-B530-9D409CD58729}.Debug|Any CPU.Build.0 = Debug|Any CPU
		{3984E7FD-9185-40AA-B530-9D409CD58729}.Release|Any CPU.ActiveCfg = Release|Any CPU
		{3984E7FD-9185-40AA-B530-9D409CD58729}.Release|Any CPU.Build.0 = Release|Any CPU
	EndGlobalSection
	GlobalSection(SolutionProperties) = preSolution
		HideSolutionNode = FALSE
	EndGlobalSection
	GlobalSection(ExtensibilityGlobals) = postSolution
		SolutionGuid = {0387A0EC-902F-454E-B7BA-C95890A8BBA5}
	EndGlobalSection
EndGlobal
