
Microsoft Visual Studio Solution File, Format Version 12.00
# Visual Studio Version 17
VisualStudioVersion = 17.0.31903.59
MinimumVisualStudioVersion = 10.0.40219.1
Project("{FAE04EC0-301F-11D3-BF4B-00C04F79EFBC}") = "Bilalov_PRAKT16_ZAD6", "Bilalov_PRAKT16_ZAD6\Bilalov_PRAKT16_ZAD6.csproj", "{94ED399A-99B1-48C5-8D26-8CEAA310878F}"
EndProject
Global
	GlobalSection(SolutionConfigurationPlatforms) = preSolution
		Debug|Any CPU = Debug|Any CPU
		Release|Any CPU = Release|Any CPU
	EndGlobalSection
	GlobalSection(ProjectConfigurationPlatforms) = postSolution
		{94ED399A-99B1-48C5-8D26-8CEAA310878F}.Debug|Any CPU.ActiveCfg = Debug|Any CPU
		{94ED399A-99B1-48C5-8D26-8CEAA310878F}.Debug|Any CPU.Build.0 = Debug|Any CPU
		{94ED399A-99B1-48C5-8D26-8CEAA310878F}.Release|Any CPU.ActiveCfg = Release|Any CPU
		{94ED399A-99B1-48C5-8D26-8CEAA310878F}.Release|Any CPU.Build.0 = Release|Any CPU
	EndGlobalSection
	GlobalSection(SolutionProperties) = preSolution
		HideSolutionNode = FALSE
	EndGlobalSection
	GlobalSection(ExtensibilityGlobals) = postSolution
		SolutionGuid = {D2E8E7A7-0AFA-4849-B297-D75B8E4D33DB}
	EndGlobalSection
EndGlobal
