
Microsoft Visual Studio Solution File, Format Version 12.00
# Visual Studio Version 16
VisualStudioVersion = 16.0.31624.102
MinimumVisualStudioVersion = 10.0.40219.1
Project("{FAE04EC0-301F-11D3-BF4B-00C04F79EFBC}") = "PR33_Bilalov_ZAD3", "PR33_Bilalov_ZAD3\PR33_Bilalov_ZAD3.csproj", "{642E9A13-D043-4D2F-BE2D-CED714E1BAAE}"
EndProject
Global
	GlobalSection(SolutionConfigurationPlatforms) = preSolution
		Debug|Any CPU = Debug|Any CPU
		Release|Any CPU = Release|Any CPU
	EndGlobalSection
	GlobalSection(ProjectConfigurationPlatforms) = postSolution
		{642E9A13-D043-4D2F-BE2D-CED714E1BAAE}.Debug|Any CPU.ActiveCfg = Debug|Any CPU
		{642E9A13-D043-4D2F-BE2D-CED714E1BAAE}.Debug|Any CPU.Build.0 = Debug|Any CPU
		{642E9A13-D043-4D2F-BE2D-CED714E1BAAE}.Release|Any CPU.ActiveCfg = Release|Any CPU
		{642E9A13-D043-4D2F-BE2D-CED714E1BAAE}.Release|Any CPU.Build.0 = Release|Any CPU
	EndGlobalSection
	GlobalSection(SolutionProperties) = preSolution
		HideSolutionNode = FALSE
	EndGlobalSection
	GlobalSection(ExtensibilityGlobals) = postSolution
		SolutionGuid = {7ADDE825-8E1F-414F-8967-04072E7C4BCC}
	EndGlobalSection
EndGlobal
