
Microsoft Visual Studio Solution File, Format Version 12.00
# Visual Studio Version 16
VisualStudioVersion = 16.0.31624.102
MinimumVisualStudioVersion = 10.0.40219.1
Project("{FAE04EC0-301F-11D3-BF4B-00C04F79EFBC}") = "33_prakt14_1_Bilalov", "33_prakt14_1_Bilalov\33_prakt14_1_Bilalov.csproj", "{53935D9C-E562-44EB-B7D4-A0C20A452575}"
EndProject
Global
	GlobalSection(SolutionConfigurationPlatforms) = preSolution
		Debug|Any CPU = Debug|Any CPU
		Release|Any CPU = Release|Any CPU
	EndGlobalSection
	GlobalSection(ProjectConfigurationPlatforms) = postSolution
		{53935D9C-E562-44EB-B7D4-A0C20A452575}.Debug|Any CPU.ActiveCfg = Debug|Any CPU
		{53935D9C-E562-44EB-B7D4-A0C20A452575}.Debug|Any CPU.Build.0 = Debug|Any CPU
		{53935D9C-E562-44EB-B7D4-A0C20A452575}.Release|Any CPU.ActiveCfg = Release|Any CPU
		{53935D9C-E562-44EB-B7D4-A0C20A452575}.Release|Any CPU.Build.0 = Release|Any CPU
	EndGlobalSection
	GlobalSection(SolutionProperties) = preSolution
		HideSolutionNode = FALSE
	EndGlobalSection
	GlobalSection(ExtensibilityGlobals) = postSolution
		SolutionGuid = {457E01BA-692C-4187-B83C-137F8A732397}
	EndGlobalSection
EndGlobal
